{
  "name": "@servoy/bootstrapcomponents",
  "version": "2023.3.0",
  "lockfileVersion": 2,
  "requires": true,
  "packages": {
    "": {
      "name": "@servoy/bootstrapcomponents",
      "version": "2023.3.0",
      "license": "MIT",
      "dependencies": {
        "@angular/cdk": "<16",
        "@eonasdan/tempus-dominus": "6.2.10",
        "@ng-bootstrap/ng-bootstrap": "<15",
        "@popperjs/core": "<3",
        "bootstrap": "<6",
        "tslib": "*"
      },
      "peerDependencies": {
        "@angular/animations": "^15",
        "@angular/common": "^15",
        "@angular/core": "^15",
        "@angular/forms": "^15",
        "luxon": "*"
      }
    },
    "../../../bootstrap-datetimepicker": {
      "name": "@servoy/tempus-dominus",
      "version": "0.0.1",
      "extraneous": true,
      "dependencies": {
        "@popperjs/core": "^2.11.2",
        "@rollup/plugin-node-resolve": "^13.1.3",
        "@rollup/plugin-typescript": "^8.3.1",
        "@types/node": "^17.0.8",
        "bootstrap": "^5.1.3",
        "browser-sync": "^2.27.7",
        "chokidar": "^3.5.1",
        "clean-css": "^5.2.2",
        "concurrently": "^6.5.1",
        "dropcss": "^1.0.16",
        "glob": "^7.2.0",
        "globby": "^11.1.0",
        "html-minifier-terser": "^5.1.1",
        "jsdom": "^18.1.1",
        "multiparty": "^4.2.2",
        "prettier": "^2.5.1",
        "rollup": "^2.64.0",
        "rollup-plugin-postcss": "^4.0.2",
        "rollup-plugin-terser": "^7.0.2",
        "rollup-plugin-typescript2": "0.31.1",
        "sass": "^1.48.0",
        "terser": "^5.10.0",
        "tslib": "^2.3.1",
        "typescript": "~4.5.4"
      }
    },
    "node_modules/@angular/cdk": {
      "version": "13.2.4",
      "resolved": "https://registry.npmjs.org/@angular/cdk/-/cdk-13.2.4.tgz",
      "integrity": "sha512-t8LX/xySaIyN5EpWQjCwZFVLmdW/LE7pvx+6PghYGiLNvS+Vu/INi1Bhwt+b3fJDJ1uNYVCkB64G0UYhIsAwhg==",
      "dependencies": {
        "tslib": "^2.3.0"
      },
      "optionalDependencies": {
        "parse5": "^5.0.0"
      },
      "peerDependencies": {
        "@angular/common": "^13.0.0 || ^14.0.0-0",
        "@angular/core": "^13.0.0 || ^14.0.0-0",
        "rxjs": "^6.5.3 || ^7.4.0"
      }
    },
    "node_modules/@eonasdan/tempus-dominus": {
      "version": "6.2.10",
      "resolved": "https://registry.npmjs.org/@eonasdan/tempus-dominus/-/tempus-dominus-6.2.10.tgz",
      "integrity": "sha512-JxbCRxfYRNQRt8P26X/UBuMfFrgz5ve4cnT4mx5cpuaWdBDkzwc8QhELXAspOsCPEZ84wkGBqhliKZr5BCnJlg==",
      "funding": {
        "url": "https://ko-fi.com/eonasdan"
      },
      "peerDependencies": {
        "@popperjs/core": "^2.11.6"
      },
      "peerDependenciesMeta": {
        "@popperjs/core\"": {
          "optional": true
        }
      }
    },
    "node_modules/@ng-bootstrap/ng-bootstrap": {
      "version": "12.0.0",
      "resolved": "https://registry.npmjs.org/@ng-bootstrap/ng-bootstrap/-/ng-bootstrap-12.0.0.tgz",
      "integrity": "sha512-XWf/CsP1gH0aev7Mtsldtj0DPPFdTrJpSiyjzLFS29gU1ZuDlJz6OKthgUDxZoua6uNPAzaGMc0A20T+reMfRw==",
      "dependencies": {
        "tslib": "^2.3.0"
      },
      "peerDependencies": {
        "@angular/common": "^13.0.0",
        "@angular/core": "^13.0.0",
        "@angular/forms": "^13.0.0",
        "@angular/localize": "^13.0.0",
        "@popperjs/core": "^2.10.2",
        "rxjs": "^6.5.3 || ^7.4.0"
      }
    },
    "node_modules/@popperjs/core": {
      "version": "2.11.2",
      "resolved": "https://registry.npmjs.org/@popperjs/core/-/core-2.11.2.tgz",
      "integrity": "sha512-92FRmppjjqz29VMJ2dn+xdyXZBrMlE42AV6Kq6BwjWV7CNUW1hs2FtxSNLQE+gJhaZ6AAmYuO9y8dshhcBl7vA==",
      "funding": {
        "type": "opencollective",
        "url": "https://opencollective.com/popperjs"
      }
    },
    "node_modules/bootstrap": {
      "version": "5.1.3",
      "resolved": "https://registry.npmjs.org/bootstrap/-/bootstrap-5.1.3.tgz",
      "integrity": "sha512-fcQztozJ8jToQWXxVuEyXWW+dSo8AiXWKwiSSrKWsRB/Qt+Ewwza+JWoLKiTuQLaEPhdNAJ7+Dosc9DOIqNy7Q==",
      "funding": {
        "type": "opencollective",
        "url": "https://opencollective.com/bootstrap"
      },
      "peerDependencies": {
        "@popperjs/core": "^2.10.2"
      }
    },
    "node_modules/parse5": {
      "version": "5.1.1",
      "resolved": "https://registry.npmjs.org/parse5/-/parse5-5.1.1.tgz",
      "integrity": "sha512-ugq4DFI0Ptb+WWjAdOK16+u/nHfiIrcE+sh8kZMaM0WllQKLI9rOUq6c2b7cwPkXdzfQESqvoqK6ug7U/Yyzug==",
      "optional": true
    },
    "node_modules/tslib": {
      "version": "2.3.1",
      "resolved": "https://registry.npmjs.org/tslib/-/tslib-2.3.1.tgz",
      "integrity": "sha512-77EbyPPpMz+FRFRuAFlWMtmgUWGe9UOG2Z25NqCwiIjRhOf5iKGuzSe5P2w1laq+FkRy4p+PCuVkJSGkzTEKVw=="
    }
  },
  "dependencies": {
    "@angular/cdk": {
      "version": "13.2.4",
      "resolved": "https://registry.npmjs.org/@angular/cdk/-/cdk-13.2.4.tgz",
      "integrity": "sha512-t8LX/xySaIyN5EpWQjCwZFVLmdW/LE7pvx+6PghYGiLNvS+Vu/INi1Bhwt+b3fJDJ1uNYVCkB64G0UYhIsAwhg==",
      "requires": {
        "parse5": "^5.0.0",
        "tslib": "^2.3.0"
      }
    },
    "@eonasdan/tempus-dominus": {
      "version": "6.2.10",
      "resolved": "https://registry.npmjs.org/@eonasdan/tempus-dominus/-/tempus-dominus-6.2.10.tgz",
      "integrity": "sha512-JxbCRxfYRNQRt8P26X/UBuMfFrgz5ve4cnT4mx5cpuaWdBDkzwc8QhELXAspOsCPEZ84wkGBqhliKZr5BCnJlg=="
    },
    "@ng-bootstrap/ng-bootstrap": {
      "version": "12.0.0",
      "resolved": "https://registry.npmjs.org/@ng-bootstrap/ng-bootstrap/-/ng-bootstrap-12.0.0.tgz",
      "integrity": "sha512-XWf/CsP1gH0aev7Mtsldtj0DPPFdTrJpSiyjzLFS29gU1ZuDlJz6OKthgUDxZoua6uNPAzaGMc0A20T+reMfRw==",
      "requires": {
        "tslib": "^2.3.0"
      }
    },
    "@popperjs/core": {
      "version": "2.11.2",
      "resolved": "https://registry.npmjs.org/@popperjs/core/-/core-2.11.2.tgz",
      "integrity": "sha512-92FRmppjjqz29VMJ2dn+xdyXZBrMlE42AV6Kq6BwjWV7CNUW1hs2FtxSNLQE+gJhaZ6AAmYuO9y8dshhcBl7vA=="
    },
    "bootstrap": {
      "version": "5.1.3",
      "resolved": "https://registry.npmjs.org/bootstrap/-/bootstrap-5.1.3.tgz",
      "integrity": "sha512-fcQztozJ8jToQWXxVuEyXWW+dSo8AiXWKwiSSrKWsRB/Qt+Ewwza+JWoLKiTuQLaEPhdNAJ7+Dosc9DOIqNy7Q=="
    },
    "parse5": {
      "version": "5.1.1",
      "resolved": "https://registry.npmjs.org/parse5/-/parse5-5.1.1.tgz",
      "integrity": "sha512-ugq4DFI0Ptb+WWjAdOK16+u/nHfiIrcE+sh8kZMaM0WllQKLI9rOUq6c2b7cwPkXdzfQESqvoqK6ug7U/Yyzug==",
      "optional": true
    },
    "tslib": {
      "version": "2.3.1",
      "resolved": "https://registry.npmjs.org/tslib/-/tslib-2.3.1.tgz",
      "integrity": "sha512-77EbyPPpMz+FRFRuAFlWMtmgUWGe9UOG2Z25NqCwiIjRhOf5iKGuzSe5P2w1laq+FkRy4p+PCuVkJSGkzTEKVw=="
    }
  }
}
